
Microsoft Visual Studio Solution File, Format Version 11.00
# Visual Studio 2010
Project("{FAE04EC0-301F-11D3-BF4B-00C04F79EFBC}") = "Ninject_Test", "Ninject_Test\Ninject_Test.csproj", "{6774240C-5BEB-4FC0-9C2F-1DE18BB7E82C}"
EndProject
Project("{FAE04EC0-301F-11D3-BF4B-00C04F79EFBC}") = "Ninject_Test.Tests", "Ninject_Test.Tests\Ninject_Test.Tests.csproj", "{D85FD943-DB4F-4991-977F-B89C2CAF655F}"
EndProject
Global
	GlobalSection(SolutionConfigurationPlatforms) = preSolution
		Debug|Any CPU = Debug|Any CPU
		Release|Any CPU = Release|Any CPU
	EndGlobalSection
	GlobalSection(ProjectConfigurationPlatforms) = postSolution
		{6774240C-5BEB-4FC0-9C2F-1DE18BB7E82C}.Debug|Any CPU.ActiveCfg = Debug|Any CPU
		{6774240C-5BEB-4FC0-9C2F-1DE18BB7E82C}.Debug|Any CPU.Build.0 = Debug|Any CPU
		{6774240C-5BEB-4FC0-9C2F-1DE18BB7E82C}.Release|Any CPU.ActiveCfg = Release|Any CPU
		{6774240C-5BEB-4FC0-9C2F-1DE18BB7E82C}.Release|Any CPU.Build.0 = Release|Any CPU
		{D85FD943-DB4F-4991-977F-B89C2CAF655F}.Debug|Any CPU.ActiveCfg = Debug|Any CPU
		{D85FD943-DB4F-4991-977F-B89C2CAF655F}.Debug|Any CPU.Build.0 = Debug|Any CPU
		{D85FD943-DB4F-4991-977F-B89C2CAF655F}.Release|Any CPU.ActiveCfg = Release|Any CPU
		{D85FD943-DB4F-4991-977F-B89C2CAF655F}.Release|Any CPU.Build.0 = Release|Any CPU
	EndGlobalSection
	GlobalSection(SolutionProperties) = preSolution
		HideSolutionNode = FALSE
	EndGlobalSection
EndGlobal
